<?xml version="1.0" encoding="UTF-8" standalone="yes" ?>
<CodeBlocks_project_file>
	<FileVersion major="1" minor="6" />
	<Project>
		<Option title="ThreadsSolucionEcuaciones" />
		<Option pch_mode="2" />
		<Option compiler="gcc" />
		<Build>
			<Target title="Debug">
				<Option output="Debug/ThreadsSolucionEcuaciones" prefix_auto="1" extension_auto="1" />
				<Option object_output="Debug/" />
				<Option type="1" />
				<Option compiler="gcc" />
				<Compiler>
					<Add option="-g" />
				</Compiler>
			</Target>
			<Target title="Release">
				<Option output="Release/ThreadsSolucionEcuaciones" prefix_auto="1" extension_auto="1" />
				<Option object_output="Release/" />
				<Option type="1" />
				<Option compiler="gcc" />
				<Compiler>
					<Add option="-O2" />
				</Compiler>
				<Linker>
					<Add option="-s" />
				</Linker>
			</Target>
		</Build>
		<Compiler>
			<Add option="-Wall" />
			<Add option="-fexceptions" />
		</Compiler>
		<Unit filename="SieveEratosthenes.cpp" />
		<Unit filename="SieveEratosthenes.h" />
		<Unit filename="SieveEratosthenesThread.cpp" />
		<Unit filename="SieveEratosthenesThread.h" />
		<Unit filename="execThreads.cpp" />
		<Unit filename="execThreads.h" />
		<Unit filename="mainThreads_y_Clases.cpp" />
		<Extensions />
	</Project>
</CodeBlocks_project_file>
